{
    "_readme": [
        "This file locks the dependencies of your project to a known state",
        "Read more about it at https://getcomposer.org/doc/01-basic-usage.md#composer-lock-the-lock-file",
        "This file is @generated automatically"
    ],
    "hash": "c3a1785d676fbb23e262c3332d5d995d",
    "content-hash": "e6402dbc1546eb0f184bdc3936670ac6",
    "packages": [
        {
            "name": "aura/session",
            "version": "2.x-dev",
            "source": {
                "type": "git",
                "url": "https://github.com/auraphp/Aura.Session.git",
                "reference": "b24aed6e4ba116cd389c7306a60a42ae9d1979d0"
            },
            "dist": {
                "type": "zip",
                "url": "https://api.github.com/repos/auraphp/Aura.Session/zipball/b24aed6e4ba116cd389c7306a60a42ae9d1979d0",
                "reference": "b24aed6e4ba116cd389c7306a60a42ae9d1979d0",
                "shasum": ""
            },
            "require": {
                "php": ">=5.3.0"
            },
            "require-dev": {
                "aura/di": "~2.0"
            },
            "suggest": {
                "ext-mcrypt": "Mcrypt generates the next best secure CSRF tokens.",
                "ext-openssl": "OpenSSL generates the best secure CSRF tokens.",
                "ircmaxell/random-lib": "A Library For Generating Secure Random Numbers"
            },
            "type": "library",
            "extra": {
                "aura": {
                    "type": "library",
                    "config": {
                        "common": "Aura\\Session\\_Config\\Common"
                    }
                }
            },
            "autoload": {
                "psr-4": {
                    "Aura\\Session\\": "src/",
                    "Aura\\Session\\_Config\\": "config/"
                }
            },
            "notification-url": "https://packagist.org/downloads/",
            "license": [
                "BSD-2-Clause"
            ],
            "authors": [
                {
                    "name": "Aura.Session Contributors",
                    "homepage": "https://github.com/auraphp/Aura.Session/contributors"
                }
            ],
            "description": "Provides session management functionality, including lazy session starting, session segments, next-request-only (\"flash\") values, and CSRF tools.",
            "homepage": "https://github.com/auraphp/Aura.Session",
            "keywords": [
                "csrf",
                "flash",
                "flash message",
                "session",
                "sessions"
            ],
            "time": "2015-07-09 01:21:08"
        },
        {
            "name": "psr/http-message",
            "version": "dev-master",
            "source": {
                "type": "git",
                "url": "https://github.com/php-fig/http-message.git",
                "reference": "85d63699f0dbedb190bbd4b0d2b9dc707ea4c298"
            },
            "dist": {
                "type": "zip",
                "url": "https://api.github.com/repos/php-fig/http-message/zipball/85d63699f0dbedb190bbd4b0d2b9dc707ea4c298",
                "reference": "85d63699f0dbedb190bbd4b0d2b9dc707ea4c298",
                "shasum": ""
            },
            "require": {
                "php": ">=5.3.0"
            },
            "type": "library",
            "extra": {
                "branch-alias": {
                    "dev-master": "1.0.x-dev"
                }
            },
            "autoload": {
                "psr-4": {
                    "Psr\\Http\\Message\\": "src/"
                }
            },
            "notification-url": "https://packagist.org/downloads/",
            "license": [
                "MIT"
            ],
            "authors": [
                {
                    "name": "PHP-FIG",
                    "homepage": "http://www.php-fig.org/"
                }
            ],
            "description": "Common interface for HTTP messages",
            "keywords": [
                "http",
                "http-message",
                "psr",
                "psr-7",
                "request",
                "response"
            ],
            "time": "2015-05-04 20:22:00"
        },
        {
            "name": "tuum/form",
            "version": "1.0.0beta1",
            "source": {
                "type": "git",
                "url": "https://github.com/TuumPHP/Form.git",
                "reference": "1732a68cb959b4103f9c3bbf502b8479892d6560"
            },
            "dist": {
                "type": "zip",
                "url": "https://api.github.com/repos/TuumPHP/Form/zipball/1732a68cb959b4103f9c3bbf502b8479892d6560",
                "reference": "1732a68cb959b4103f9c3bbf502b8479892d6560",
                "shasum": ""
            },
            "type": "library",
            "autoload": {
                "psr-4": {
                    "Tuum\\Form\\": "src/"
                }
            },
            "notification-url": "https://packagist.org/downloads/",
            "license": [
                "MIT"
            ],
            "authors": [
                {
                    "name": "Asao",
                    "email": "kamei@workspot.jp"
                }
            ],
            "description": "a simple html form generator.",
            "time": "2015-10-21 05:39:03"
        },
        {
            "name": "tuum/respond",
            "version": "1.x-dev",
            "source": {
                "type": "git",
                "url": "https://github.com/TuumPHP/Respond.git",
                "reference": "59c3e798a7ea0ddd51f9e8a23c36d313bd812893"
            },
            "dist": {
                "type": "zip",
                "url": "https://api.github.com/repos/TuumPHP/Respond/zipball/59c3e798a7ea0ddd51f9e8a23c36d313bd812893",
                "reference": "59c3e798a7ea0ddd51f9e8a23c36d313bd812893",
                "shasum": ""
            },
            "require": {
                "aura/session": "~2.0",
                "psr/http-message": "~1.0",
                "tuum/form": "1.0.0beta1"
            },
            "require-dev": {
                "koriym/printo": " ~1.0",
                "tuum/view": "1.0.0beta1",
                "twig/twig": "~1.0",
                "zendframework/zend-diactoros": "~1.0"
            },
            "type": "library",
            "autoload": {
                "psr-4": {
                    "Tuum\\Respond\\": "src/"
                }
            },
            "notification-url": "https://packagist.org/downloads/",
            "license": [
                "MIT"
            ],
            "authors": [
                {
                    "name": "Asao",
                    "email": "kamei@workspot.jp"
                }
            ],
            "description": "helpers and responders for PSR7 http/messages.",
            "time": "2015-11-11 02:09:06"
        },
        {
            "name": "tuum/view",
            "version": "1.x-dev",
            "source": {
                "type": "git",
                "url": "https://github.com/TuumPHP/View.git",
                "reference": "bb46e8cf47f02f6176f51261934580f47a88bf4d"
            },
            "dist": {
                "type": "zip",
                "url": "https://api.github.com/repos/TuumPHP/View/zipball/bb46e8cf47f02f6176f51261934580f47a88bf4d",
                "reference": "bb46e8cf47f02f6176f51261934580f47a88bf4d",
                "shasum": ""
            },
            "type": "library",
            "autoload": {
                "psr-4": {
                    "Tuum\\View\\": "src/"
                }
            },
            "notification-url": "https://packagist.org/downloads/",
            "license": [
                "MIT"
            ],
            "authors": [
                {
                    "name": "Asao",
                    "email": "kamei@workspot.jp"
                }
            ],
            "description": "adapters for various view template components.",
            "time": "2015-10-30 06:10:34"
        },
        {
            "name": "zendframework/zend-diactoros",
            "version": "dev-develop",
            "source": {
                "type": "git",
                "url": "https://github.com/zendframework/zend-diactoros.git",
                "reference": "f8391f298267f983915585189c9747ec3ba6591b"
            },
            "dist": {
                "type": "zip",
                "url": "https://api.github.com/repos/zendframework/zend-diactoros/zipball/f8391f298267f983915585189c9747ec3ba6591b",
                "reference": "f8391f298267f983915585189c9747ec3ba6591b",
                "shasum": ""
            },
            "require": {
                "php": ">=5.4",
                "psr/http-message": "~1.0"
            },
            "provide": {
                "psr/http-message-implementation": "~1.0.0"
            },
            "require-dev": {
                "phpunit/phpunit": "~4.6",
                "squizlabs/php_codesniffer": "^2.3.1"
            },
            "type": "library",
            "extra": {
                "branch-alias": {
                    "dev-master": "1.0-dev",
                    "dev-develop": "1.1-dev"
                }
            },
            "autoload": {
                "psr-4": {
                    "Zend\\Diactoros\\": "src/"
                }
            },
            "notification-url": "https://packagist.org/downloads/",
            "license": [
                "BSD-2-Clause"
            ],
            "description": "PSR HTTP Message implementations",
            "homepage": "https://github.com/zendframework/zend-diactoros",
            "keywords": [
                "http",
                "psr",
                "psr-7"
            ],
            "time": "2015-10-16 15:26:28"
        }
    ],
    "packages-dev": [],
    "aliases": [],
    "minimum-stability": "dev",
    "stability-flags": {
        "tuum/respond": 20,
        "tuum/view": 20
    },
    "prefer-stable": false,
    "prefer-lowest": false,
    "platform": [],
    "platform-dev": []
}
