{
    "_readme": [
        "This file locks the dependencies of your project to a known state",
        "Read more about it at https://getcomposer.org/doc/01-basic-usage.md#composer-lock-the-lock-file",
        "This file is @generated automatically"
    ],
    "hash": "1e4b83b88909db44548d3fd27b64a5c8",
    "content-hash": "9763d4d687c6c4fec2459f8ce35a70bd",
    "packages": [
        {
            "name": "aura/session",
            "version": "2.0.1",
            "source": {
                "type": "git",
                "url": "https://github.com/auraphp/Aura.Session.git",
                "reference": "9e018278794228e40c7695b699c848bea2355a12"
            },
            "dist": {
                "type": "zip",
                "url": "https://api.github.com/repos/auraphp/Aura.Session/zipball/9e018278794228e40c7695b699c848bea2355a12",
                "reference": "9e018278794228e40c7695b699c848bea2355a12",
                "shasum": ""
            },
            "require": {
                "php": ">=5.3.0"
            },
            "require-dev": {
                "aura/di": "~2.0"
            },
            "suggest": {
                "ext-mcrypt": "Mcrypt generates the next best secure CSRF tokens.",
                "ext-openssl": "OpenSSL generates the best secure CSRF tokens.",
                "ircmaxell/random-lib": "A Library For Generating Secure Random Numbers"
            },
            "type": "library",
            "extra": {
                "aura": {
                    "type": "library",
                    "config": {
                        "common": "Aura\\Session\\_Config\\Common"
                    }
                },
                "branch-alias": {
                    "dev-develop-2": "2.0.x-dev"
                }
            },
            "autoload": {
                "psr-4": {
                    "Aura\\Session\\": "src/",
                    "Aura\\Session\\_Config\\": "config/"
                }
            },
            "notification-url": "https://packagist.org/downloads/",
            "license": [
                "BSD-2-Clause"
            ],
            "authors": [
                {
                    "name": "Aura.Session Contributors",
                    "homepage": "https://github.com/auraphp/Aura.Session/contributors"
                }
            ],
            "description": "Provides session management functionality, including lazy session starting, session segments, next-request-only (\"flash\") values, and CSRF tools.",
            "homepage": "https://github.com/auraphp/Aura.Session",
            "keywords": [
                "csrf",
                "flash",
                "flash message",
                "session",
                "sessions"
            ],
            "time": "2015-03-27 18:33:22"
        },
        {
            "name": "psr/http-message",
            "version": "1.0",
            "source": {
                "type": "git",
                "url": "https://github.com/php-fig/http-message.git",
                "reference": "85d63699f0dbedb190bbd4b0d2b9dc707ea4c298"
            },
            "dist": {
                "type": "zip",
                "url": "https://api.github.com/repos/php-fig/http-message/zipball/85d63699f0dbedb190bbd4b0d2b9dc707ea4c298",
                "reference": "85d63699f0dbedb190bbd4b0d2b9dc707ea4c298",
                "shasum": ""
            },
            "require": {
                "php": ">=5.3.0"
            },
            "type": "library",
            "extra": {
                "branch-alias": {
                    "dev-master": "1.0.x-dev"
                }
            },
            "autoload": {
                "psr-4": {
                    "Psr\\Http\\Message\\": "src/"
                }
            },
            "notification-url": "https://packagist.org/downloads/",
            "license": [
                "MIT"
            ],
            "authors": [
                {
                    "name": "PHP-FIG",
                    "homepage": "http://www.php-fig.org/"
                }
            ],
            "description": "Common interface for HTTP messages",
            "keywords": [
                "http",
                "http-message",
                "psr",
                "psr-7",
                "request",
                "response"
            ],
            "time": "2015-05-04 20:22:00"
        },
        {
            "name": "tuum/form",
            "version": "1.0.0",
            "source": {
                "type": "git",
                "url": "https://github.com/TuumPHP/Form.git",
                "reference": "9c8fd34685853599df21cd426b00c15173a02dcb"
            },
            "dist": {
                "type": "zip",
                "url": "https://api.github.com/repos/TuumPHP/Form/zipball/9c8fd34685853599df21cd426b00c15173a02dcb",
                "reference": "9c8fd34685853599df21cd426b00c15173a02dcb",
                "shasum": ""
            },
            "type": "library",
            "autoload": {
                "psr-4": {
                    "Tuum\\Form\\": "src/"
                }
            },
            "notification-url": "https://packagist.org/downloads/",
            "license": [
                "MIT"
            ],
            "authors": [
                {
                    "name": "Asao",
                    "email": "kamei@workspot.jp"
                }
            ],
            "description": "form generator and other template helpers.",
            "time": "2015-11-22 00:42:02"
        },
        {
            "name": "tuum/respond",
            "version": "1.0.0",
            "source": {
                "type": "git",
                "url": "https://github.com/TuumPHP/Respond.git",
                "reference": "3bbd666757be991ddf2ef70502eee0f3ace281c3"
            },
            "dist": {
                "type": "zip",
                "url": "https://api.github.com/repos/TuumPHP/Respond/zipball/3bbd666757be991ddf2ef70502eee0f3ace281c3",
                "reference": "3bbd666757be991ddf2ef70502eee0f3ace281c3",
                "shasum": ""
            },
            "require": {
                "aura/session": "~2.0",
                "psr/http-message": "~1.0",
                "tuum/form": "^1.0"
            },
            "require-dev": {
                "koriym/printo": " ~1.0",
                "tuum/view": "^1.0",
                "twig/twig": "~1.0",
                "zendframework/zend-diactoros": "~1.0"
            },
            "type": "library",
            "autoload": {
                "psr-4": {
                    "Tuum\\Respond\\": "src/"
                }
            },
            "notification-url": "https://packagist.org/downloads/",
            "license": [
                "MIT"
            ],
            "authors": [
                {
                    "name": "Asao",
                    "email": "kamei@workspot.jp"
                }
            ],
            "description": "helpers and responders for PSR7 http/messages.",
            "time": "2015-11-22 23:37:09"
        },
        {
            "name": "tuum/view",
            "version": "1.0.0",
            "source": {
                "type": "git",
                "url": "https://github.com/TuumPHP/View.git",
                "reference": "549f5115ac788a5747095d0d7a05d59e25ea914d"
            },
            "dist": {
                "type": "zip",
                "url": "https://api.github.com/repos/TuumPHP/View/zipball/549f5115ac788a5747095d0d7a05d59e25ea914d",
                "reference": "549f5115ac788a5747095d0d7a05d59e25ea914d",
                "shasum": ""
            },
            "type": "library",
            "autoload": {
                "psr-4": {
                    "Tuum\\View\\": "src/"
                }
            },
            "notification-url": "https://packagist.org/downloads/",
            "license": [
                "MIT"
            ],
            "authors": [
                {
                    "name": "Asao",
                    "email": "kamei@workspot.jp"
                }
            ],
            "description": "raw PHP template renderer that does not escape.",
            "time": "2015-11-20 02:20:34"
        },
        {
            "name": "zendframework/zend-diactoros",
            "version": "1.1.4",
            "source": {
                "type": "git",
                "url": "https://github.com/zendframework/zend-diactoros.git",
                "reference": "3f0ce6c0ba2106e018fb514a9f09dbb91eb6bfd0"
            },
            "dist": {
                "type": "zip",
                "url": "https://api.github.com/repos/zendframework/zend-diactoros/zipball/3f0ce6c0ba2106e018fb514a9f09dbb91eb6bfd0",
                "reference": "3f0ce6c0ba2106e018fb514a9f09dbb91eb6bfd0",
                "shasum": ""
            },
            "require": {
                "php": ">=5.4",
                "psr/http-message": "~1.0"
            },
            "provide": {
                "psr/http-message-implementation": "~1.0.0"
            },
            "require-dev": {
                "phpunit/phpunit": "~4.6",
                "squizlabs/php_codesniffer": "^2.3.1"
            },
            "type": "library",
            "extra": {
                "branch-alias": {
                    "dev-master": "1.0-dev",
                    "dev-develop": "1.1-dev"
                }
            },
            "autoload": {
                "psr-4": {
                    "Zend\\Diactoros\\": "src/"
                }
            },
            "notification-url": "https://packagist.org/downloads/",
            "license": [
                "BSD-2-Clause"
            ],
            "description": "PSR HTTP Message implementations",
            "homepage": "https://github.com/zendframework/zend-diactoros",
            "keywords": [
                "http",
                "psr",
                "psr-7"
            ],
            "time": "2015-10-16 15:24:05"
        }
    ],
    "packages-dev": [],
    "aliases": [],
    "minimum-stability": "stable",
    "stability-flags": [],
    "prefer-stable": false,
    "prefer-lowest": false,
    "platform": [],
    "platform-dev": []
}
